
Microsoft Visual Studio Solution File, Format Version 12.00
# Visual Studio Version 16
VisualStudioVersion = 16.0.29806.167
MinimumVisualStudioVersion = 10.0.40219.1
Project("{8BC9CEB8-8B4A-11D0-8D11-00A0C91BC942}") = "String_baekjoon", "String_baekjoon\String_baekjoon.vcxproj", "{5EAABB75-82AB-48CB-9E2E-759CCA6BD92D}"
EndProject
Project("{8BC9CEB8-8B4A-11D0-8D11-00A0C91BC942}") = "Greedy_baekjoon", "Greedy_baekjoon\Greedy_baekjoon.vcxproj", "{6CD72549-A71A-4032-A694-048815F647AD}"
EndProject
Project("{8BC9CEB8-8B4A-11D0-8D11-00A0C91BC942}") = "DFSBFS_baekjoon", "DFSBFS_Baekjoon\DFSBFS_Baekjoon.vcxproj", "{F10F7652-109D-4DC3-BA07-685B5D47463B}"
EndProject
Project("{8BC9CEB8-8B4A-11D0-8D11-00A0C91BC942}") = "DynamicProgramming01", "DynamicProgramming01\DynamicProgramming01.vcxproj", "{C219AB7D-B5BF-456E-89F0-DBB60D4D12B4}"
EndProject
Project("{8BC9CEB8-8B4A-11D0-8D11-00A0C91BC942}") = "Sorting_baekjoon", "Sorting_baekjoon\Sorting_baekjoon.vcxproj", "{29D1F6EA-EC16-41D8-A04B-CED525726D08}"
EndProject
Project("{8BC9CEB8-8B4A-11D0-8D11-00A0C91BC942}") = "BinarySearch_baekjoon", "BinarySearch_baekjoon\BinarySearch_baekjoon.vcxproj", "{859FF32A-4F1E-4288-9DA0-B8CDB5E0BE25}"
EndProject
Project("{8BC9CEB8-8B4A-11D0-8D11-00A0C91BC942}") = "Tree_baekjoon", "Tree_baekjoon\Tree_baekjoon.vcxproj", "{0A3DE455-845A-48CD-9FEC-132B5BEE6625}"
EndProject
Project("{8BC9CEB8-8B4A-11D0-8D11-00A0C91BC942}") = "DivideNConquer_baekjoon", "DivideNConquer_baekjoon\DivideNConquer_baekjoon.vcxproj", "{C6F6569A-2673-4DC3-A003-E0F26D43FCDC}"
EndProject
Project("{8BC9CEB8-8B4A-11D0-8D11-00A0C91BC942}") = "MST_baekjoon", "MST_baekjoon\MST_baekjoon.vcxproj", "{3BF14A55-414B-48A8-AADB-EC78BBB18A13}"
EndProject
Global
	GlobalSection(SolutionConfigurationPlatforms) = preSolution
		Debug|x64 = Debug|x64
		Debug|x86 = Debug|x86
		Release|x64 = Release|x64
		Release|x86 = Release|x86
	EndGlobalSection
	GlobalSection(ProjectConfigurationPlatforms) = postSolution
		{5EAABB75-82AB-48CB-9E2E-759CCA6BD92D}.Debug|x64.ActiveCfg = Debug|x64
		{5EAABB75-82AB-48CB-9E2E-759CCA6BD92D}.Debug|x64.Build.0 = Debug|x64
		{5EAABB75-82AB-48CB-9E2E-759CCA6BD92D}.Debug|x86.ActiveCfg = Debug|Win32
		{5EAABB75-82AB-48CB-9E2E-759CCA6BD92D}.Debug|x86.Build.0 = Debug|Win32
		{5EAABB75-82AB-48CB-9E2E-759CCA6BD92D}.Release|x64.ActiveCfg = Release|x64
		{5EAABB75-82AB-48CB-9E2E-759CCA6BD92D}.Release|x64.Build.0 = Release|x64
		{5EAABB75-82AB-48CB-9E2E-759CCA6BD92D}.Release|x86.ActiveCfg = Release|Win32
		{5EAABB75-82AB-48CB-9E2E-759CCA6BD92D}.Release|x86.Build.0 = Release|Win32
		{6CD72549-A71A-4032-A694-048815F647AD}.Debug|x64.ActiveCfg = Debug|x64
		{6CD72549-A71A-4032-A694-048815F647AD}.Debug|x64.Build.0 = Debug|x64
		{6CD72549-A71A-4032-A694-048815F647AD}.Debug|x86.ActiveCfg = Debug|Win32
		{6CD72549-A71A-4032-A694-048815F647AD}.Debug|x86.Build.0 = Debug|Win32
		{6CD72549-A71A-4032-A694-048815F647AD}.Release|x64.ActiveCfg = Release|x64
		{6CD72549-A71A-4032-A694-048815F647AD}.Release|x64.Build.0 = Release|x64
		{6CD72549-A71A-4032-A694-048815F647AD}.Release|x86.ActiveCfg = Release|Win32
		{6CD72549-A71A-4032-A694-048815F647AD}.Release|x86.Build.0 = Release|Win32
		{F10F7652-109D-4DC3-BA07-685B5D47463B}.Debug|x64.ActiveCfg = Debug|x64
		{F10F7652-109D-4DC3-BA07-685B5D47463B}.Debug|x64.Build.0 = Debug|x64
		{F10F7652-109D-4DC3-BA07-685B5D47463B}.Debug|x86.ActiveCfg = Debug|Win32
		{F10F7652-109D-4DC3-BA07-685B5D47463B}.Debug|x86.Build.0 = Debug|Win32
		{F10F7652-109D-4DC3-BA07-685B5D47463B}.Release|x64.ActiveCfg = Release|x64
		{F10F7652-109D-4DC3-BA07-685B5D47463B}.Release|x64.Build.0 = Release|x64
		{F10F7652-109D-4DC3-BA07-685B5D47463B}.Release|x86.ActiveCfg = Release|Win32
		{F10F7652-109D-4DC3-BA07-685B5D47463B}.Release|x86.Build.0 = Release|Win32
		{C219AB7D-B5BF-456E-89F0-DBB60D4D12B4}.Debug|x64.ActiveCfg = Debug|x64
		{C219AB7D-B5BF-456E-89F0-DBB60D4D12B4}.Debug|x64.Build.0 = Debug|x64
		{C219AB7D-B5BF-456E-89F0-DBB60D4D12B4}.Debug|x86.ActiveCfg = Debug|Win32
		{C219AB7D-B5BF-456E-89F0-DBB60D4D12B4}.Debug|x86.Build.0 = Debug|Win32
		{C219AB7D-B5BF-456E-89F0-DBB60D4D12B4}.Release|x64.ActiveCfg = Release|x64
		{C219AB7D-B5BF-456E-89F0-DBB60D4D12B4}.Release|x64.Build.0 = Release|x64
		{C219AB7D-B5BF-456E-89F0-DBB60D4D12B4}.Release|x86.ActiveCfg = Release|Win32
		{C219AB7D-B5BF-456E-89F0-DBB60D4D12B4}.Release|x86.Build.0 = Release|Win32
		{29D1F6EA-EC16-41D8-A04B-CED525726D08}.Debug|x64.ActiveCfg = Debug|x64
		{29D1F6EA-EC16-41D8-A04B-CED525726D08}.Debug|x64.Build.0 = Debug|x64
		{29D1F6EA-EC16-41D8-A04B-CED525726D08}.Debug|x86.ActiveCfg = Debug|Win32
		{29D1F6EA-EC16-41D8-A04B-CED525726D08}.Debug|x86.Build.0 = Debug|Win32
		{29D1F6EA-EC16-41D8-A04B-CED525726D08}.Release|x64.ActiveCfg = Release|x64
		{29D1F6EA-EC16-41D8-A04B-CED525726D08}.Release|x64.Build.0 = Release|x64
		{29D1F6EA-EC16-41D8-A04B-CED525726D08}.Release|x86.ActiveCfg = Release|Win32
		{29D1F6EA-EC16-41D8-A04B-CED525726D08}.Release|x86.Build.0 = Release|Win32
		{859FF32A-4F1E-4288-9DA0-B8CDB5E0BE25}.Debug|x64.ActiveCfg = Debug|x64
		{859FF32A-4F1E-4288-9DA0-B8CDB5E0BE25}.Debug|x64.Build.0 = Debug|x64
		{859FF32A-4F1E-4288-9DA0-B8CDB5E0BE25}.Debug|x86.ActiveCfg = Debug|Win32
		{859FF32A-4F1E-4288-9DA0-B8CDB5E0BE25}.Debug|x86.Build.0 = Debug|Win32
		{859FF32A-4F1E-4288-9DA0-B8CDB5E0BE25}.Release|x64.ActiveCfg = Release|x64
		{859FF32A-4F1E-4288-9DA0-B8CDB5E0BE25}.Release|x64.Build.0 = Release|x64
		{859FF32A-4F1E-4288-9DA0-B8CDB5E0BE25}.Release|x86.ActiveCfg = Release|Win32
		{859FF32A-4F1E-4288-9DA0-B8CDB5E0BE25}.Release|x86.Build.0 = Release|Win32
		{0A3DE455-845A-48CD-9FEC-132B5BEE6625}.Debug|x64.ActiveCfg = Debug|x64
		{0A3DE455-845A-48CD-9FEC-132B5BEE6625}.Debug|x64.Build.0 = Debug|x64
		{0A3DE455-845A-48CD-9FEC-132B5BEE6625}.Debug|x86.ActiveCfg = Debug|Win32
		{0A3DE455-845A-48CD-9FEC-132B5BEE6625}.Debug|x86.Build.0 = Debug|Win32
		{0A3DE455-845A-48CD-9FEC-132B5BEE6625}.Release|x64.ActiveCfg = Release|x64
		{0A3DE455-845A-48CD-9FEC-132B5BEE6625}.Release|x64.Build.0 = Release|x64
		{0A3DE455-845A-48CD-9FEC-132B5BEE6625}.Release|x86.ActiveCfg = Release|Win32
		{0A3DE455-845A-48CD-9FEC-132B5BEE6625}.Release|x86.Build.0 = Release|Win32
		{C6F6569A-2673-4DC3-A003-E0F26D43FCDC}.Debug|x64.ActiveCfg = Debug|x64
		{C6F6569A-2673-4DC3-A003-E0F26D43FCDC}.Debug|x64.Build.0 = Debug|x64
		{C6F6569A-2673-4DC3-A003-E0F26D43FCDC}.Debug|x86.ActiveCfg = Debug|Win32
		{C6F6569A-2673-4DC3-A003-E0F26D43FCDC}.Debug|x86.Build.0 = Debug|Win32
		{C6F6569A-2673-4DC3-A003-E0F26D43FCDC}.Release|x64.ActiveCfg = Release|x64
		{C6F6569A-2673-4DC3-A003-E0F26D43FCDC}.Release|x64.Build.0 = Release|x64
		{C6F6569A-2673-4DC3-A003-E0F26D43FCDC}.Release|x86.ActiveCfg = Release|Win32
		{C6F6569A-2673-4DC3-A003-E0F26D43FCDC}.Release|x86.Build.0 = Release|Win32
		{3BF14A55-414B-48A8-AADB-EC78BBB18A13}.Debug|x64.ActiveCfg = Debug|x64
		{3BF14A55-414B-48A8-AADB-EC78BBB18A13}.Debug|x64.Build.0 = Debug|x64
		{3BF14A55-414B-48A8-AADB-EC78BBB18A13}.Debug|x86.ActiveCfg = Debug|Win32
		{3BF14A55-414B-48A8-AADB-EC78BBB18A13}.Debug|x86.Build.0 = Debug|Win32
		{3BF14A55-414B-48A8-AADB-EC78BBB18A13}.Release|x64.ActiveCfg = Release|x64
		{3BF14A55-414B-48A8-AADB-EC78BBB18A13}.Release|x64.Build.0 = Release|x64
		{3BF14A55-414B-48A8-AADB-EC78BBB18A13}.Release|x86.ActiveCfg = Release|Win32
		{3BF14A55-414B-48A8-AADB-EC78BBB18A13}.Release|x86.Build.0 = Release|Win32
	EndGlobalSection
	GlobalSection(SolutionProperties) = preSolution
		HideSolutionNode = FALSE
	EndGlobalSection
	GlobalSection(ExtensibilityGlobals) = postSolution
		SolutionGuid = {C790B1B4-7548-49BD-8CBA-CBDD377C7DE6}
	EndGlobalSection
EndGlobal
